
Microsoft Visual Studio Solution File, Format Version 12.00
# Visual Studio Version 17
VisualStudioVersion = 17.5.33414.496
MinimumVisualStudioVersion = 10.0.40219.1
Project("{FAE04EC0-301F-11D3-BF4B-00C04F79EFBC}") = "ToDo_list", "ToDo_list.csproj", "{6A6D99C9-F30C-4035-9850-19D232CFBFD9}"
EndProject
Global
	GlobalSection(SolutionConfigurationPlatforms) = preSolution
		Debug|Any CPU = Debug|Any CPU
		Release|Any CPU = Release|Any CPU
	EndGlobalSection
	GlobalSection(ProjectConfigurationPlatforms) = postSolution
		{6A6D99C9-F30C-4035-9850-19D232CFBFD9}.Debug|Any CPU.ActiveCfg = Debug|Any CPU
		{6A6D99C9-F30C-4035-9850-19D232CFBFD9}.Debug|Any CPU.Build.0 = Debug|Any CPU
		{6A6D99C9-F30C-4035-9850-19D232CFBFD9}.Release|Any CPU.ActiveCfg = Release|Any CPU
		{6A6D99C9-F30C-4035-9850-19D232CFBFD9}.Release|Any CPU.Build.0 = Release|Any CPU
	EndGlobalSection
	GlobalSection(SolutionProperties) = preSolution
		HideSolutionNode = FALSE
	EndGlobalSection
	GlobalSection(ExtensibilityGlobals) = postSolution
		SolutionGuid = {BB22A827-78B7-49A9-B1B5-D6E8460B94E4}
	EndGlobalSection
EndGlobal
